hash: f624e1124dac59873fe082c4193e3c7643a0c75c3b3736343ce3ea525b012a0d
updated: 2018-02-14T13:27:53.895795872+03:00
imports:
- name: github.com/gorilla/context
  version: 08b5f424b9271eedf6f9f0ce86cb9396ed337a42
- name: github.com/gorilla/mux
  version: 53c1911da2b537f792e7cafcb446b05ffe33b996
- name: github.com/VRlectorium/catalog-service
  version: baa2a46bc3dfc77d6a9d447b6bf15c812f122fc8
  subpackages:
  - handlers
testImports: []
